
Microsoft Visual Studio Solution File, Format Version 12.00
# Visual Studio Version 17
VisualStudioVersion = 17.8.34511.84
MinimumVisualStudioVersion = 10.0.40219.1
Project("{8BC9CEB8-8B4A-11D0-8D11-00A0C91BC942}") = "11-06-2024", "11-06-2024\11-06-2024.vcxproj", "{7C36219E-5436-441F-84FD-50BA8598CBF8}"
EndProject
Global
	GlobalSection(SolutionConfigurationPlatforms) = preSolution
		Debug|x64 = Debug|x64
		Debug|x86 = Debug|x86
		Release|x64 = Release|x64
		Release|x86 = Release|x86
	EndGlobalSection
	GlobalSection(ProjectConfigurationPlatforms) = postSolution
		{7C36219E-5436-441F-84FD-50BA8598CBF8}.Debug|x64.ActiveCfg = Debug|x64
		{7C36219E-5436-441F-84FD-50BA8598CBF8}.Debug|x64.Build.0 = Debug|x64
		{7C36219E-5436-441F-84FD-50BA8598CBF8}.Debug|x86.ActiveCfg = Debug|Win32
		{7C36219E-5436-441F-84FD-50BA8598CBF8}.Debug|x86.Build.0 = Debug|Win32
		{7C36219E-5436-441F-84FD-50BA8598CBF8}.Release|x64.ActiveCfg = Release|x64
		{7C36219E-5436-441F-84FD-50BA8598CBF8}.Release|x64.Build.0 = Release|x64
		{7C36219E-5436-441F-84FD-50BA8598CBF8}.Release|x86.ActiveCfg = Release|Win32
		{7C36219E-5436-441F-84FD-50BA8598CBF8}.Release|x86.Build.0 = Release|Win32
	EndGlobalSection
	GlobalSection(SolutionProperties) = preSolution
		HideSolutionNode = FALSE
	EndGlobalSection
	GlobalSection(ExtensibilityGlobals) = postSolution
		SolutionGuid = {2262806F-E2BB-4E5C-A671-5428876E089C}
	EndGlobalSection
EndGlobal
